// !$*UTF8*$!
{
	archiveVersion = 1;
	classes = {
	};
	objectVersion = 46;
	objects = {

/* Begin PBXBuildFile section */
		6FB4507314E67CBA00C68F04 /* UIKit.framework in Frameworks */ = {isa = PBXBuildFile; fileRef = 6FB4507214E67CBA00C68F04 /* UIKit.framework */; };
		6FB4507514E67CBA00C68F04 /* Foundation.framework in Frameworks */ = {isa = PBXBuildFile; fileRef = 6FB4507414E67CBA00C68F04 /* Foundation.framework */; };
		6FB4507714E67CBA00C68F04 /* CoreGraphics.framework in Frameworks */ = {isa = PBXBuildFile; fileRef = 6FB4507614E67CBA00C68F04 /* CoreGraphics.framework */; };
		6FB4507914E67CBA00C68F04 /* CoreData.framework in Frameworks */ = {isa = PBXBuildFile; fileRef = 6FB4507814E67CBA00C68F04 /* CoreData.framework */; };
		6FB4507F14E67CBA00C68F04 /* InfoPlist.strings in Resources */ = {isa = PBXBuildFile; fileRef = 6FB4507D14E67CBA00C68F04 /* InfoPlist.strings */; };
		6FB4508114E67CBA00C68F04 /* main.m in Sources */ = {isa = PBXBuildFile; fileRef = 6FB4508014E67CBA00C68F04 /* main.m */; };
		6FB4508514E67CBA00C68F04 /* AppDelegate.m in Sources */ = {isa = PBXBuildFile; fileRef = 6FB4508414E67CBA00C68F04 /* AppDelegate.m */; };
		6FB4508814E67CBA00C68F04 /* Test_Application.xcdatamodeld in Sources */ = {isa = PBXBuildFile; fileRef = 6FB4508614E67CBA00C68F04 /* Test_Application.xcdatamodeld */; };
		6FB4509314E67CCA00C68F04 /* Foundation.framework in Frameworks */ = {isa = PBXBuildFile; fileRef = 6FB4507414E67CBA00C68F04 /* Foundation.framework */; };
		6FB4509914E67CCB00C68F04 /* Second_target.m in Sources */ = {isa = PBXBuildFile; fileRef = 6FB4509814E67CCB00C68F04 /* Second_target.m */; };
		6FB450A314E67CD800C68F04 /* CoreFoundation.framework in Frameworks */ = {isa = PBXBuildFile; fileRef = 6FB450A214E67CD800C68F04 /* CoreFoundation.framework */; };
		6FB450A914E67CD800C68F04 /* InfoPlist.strings in Resources */ = {isa = PBXBuildFile; fileRef = 6FB450A714E67CD800C68F04 /* InfoPlist.strings */; };
/* End PBXBuildFile section */

/* Begin PBXFileReference section */
		6FB4506E14E67CBA00C68F04 /* Test Application.app */ = {isa = PBXFileReference; explicitFileType = wrapper.application; includeInIndex = 0; path = "Test Application.app"; sourceTree = BUILT_PRODUCTS_DIR; };
		6FB4507214E67CBA00C68F04 /* UIKit.framework */ = {isa = PBXFileReference; lastKnownFileType = wrapper.framework; name = UIKit.framework; path = System/Library/Frameworks/UIKit.framework; sourceTree = SDKROOT; };
		6FB4507414E67CBA00C68F04 /* Foundation.framework */ = {isa = PBXFileReference; lastKnownFileType = wrapper.framework; name = Foundation.framework; path = System/Library/Frameworks/Foundation.framework; sourceTree = SDKROOT; };
		6FB4507614E67CBA00C68F04 /* CoreGraphics.framework */ = {isa = PBXFileReference; lastKnownFileType = wrapper.framework; name = CoreGraphics.framework; path = System/Library/Frameworks/CoreGraphics.framework; sourceTree = SDKROOT; };
		6FB4507814E67CBA00C68F04 /* CoreData.framework */ = {isa = PBXFileReference; lastKnownFileType = wrapper.framework; name = CoreData.framework; path = System/Library/Frameworks/CoreData.framework; sourceTree = SDKROOT; };
		6FB4507C14E67CBA00C68F04 /* Test Application-Info.plist */ = {isa = PBXFileReference; lastKnownFileType = text.plist.xml; path = "Test Application-Info.plist"; sourceTree = "<group>"; };
		6FB4507E14E67CBA00C68F04 /* en */ = {isa = PBXFileReference; lastKnownFileType = text.plist.strings; name = en; path = en.lproj/InfoPlist.strings; sourceTree = "<group>"; };
		6FB4508014E67CBA00C68F04 /* main.m */ = {isa = PBXFileReference; lastKnownFileType = sourcecode.c.objc; path = main.m; sourceTree = "<group>"; };
		6FB4508214E67CBA00C68F04 /* Test Application-Prefix.pch */ = {isa = PBXFileReference; lastKnownFileType = sourcecode.c.h; path = "Test Application-Prefix.pch"; sourceTree = "<group>"; };
		6FB4508314E67CBA00C68F04 /* AppDelegate.h */ = {isa = PBXFileReference; lastKnownFileType = sourcecode.c.h; path = AppDelegate.h; sourceTree = "<group>"; };
		6FB4508414E67CBA00C68F04 /* AppDelegate.m */ = {isa = PBXFileReference; lastKnownFileType = sourcecode.c.objc; path = AppDelegate.m; sourceTree = "<group>"; };
		6FB4508714E67CBA00C68F04 /* Test_Application.xcdatamodel */ = {isa = PBXFileReference; lastKnownFileType = wrapper.xcdatamodel; path = Test_Application.xcdatamodel; sourceTree = "<group>"; };
		6FB4509214E67CCA00C68F04 /* libSecond target.a */ = {isa = PBXFileReference; explicitFileType = archive.ar; includeInIndex = 0; path = "libSecond target.a"; sourceTree = BUILT_PRODUCTS_DIR; };
		6FB4509614E67CCA00C68F04 /* Second target-Prefix.pch */ = {isa = PBXFileReference; lastKnownFileType = sourcecode.c.h; path = "Second target-Prefix.pch"; sourceTree = "<group>"; };
		6FB4509714E67CCB00C68F04 /* Second_target.h */ = {isa = PBXFileReference; lastKnownFileType = sourcecode.c.h; path = Second_target.h; sourceTree = "<group>"; };
		6FB4509814E67CCB00C68F04 /* Second_target.m */ = {isa = PBXFileReference; lastKnownFileType = sourcecode.c.objc; path = Second_target.m; sourceTree = "<group>"; };
		6FB450A114E67CD800C68F04 /* Bundle.bundle */ = {isa = PBXFileReference; explicitFileType = wrapper.cfbundle; includeInIndex = 0; path = Bundle.bundle; sourceTree = BUILT_PRODUCTS_DIR; };
		6FB450A214E67CD800C68F04 /* CoreFoundation.framework */ = {isa = PBXFileReference; lastKnownFileType = wrapper.framework; name = CoreFoundation.framework; path = System/Library/Frameworks/CoreFoundation.framework; sourceTree = SDKROOT; };
		6FB450A614E67CD800C68F04 /* Bundle-Info.plist */ = {isa = PBXFileReference; lastKnownFileType = text.plist.xml; path = "Bundle-Info.plist"; sourceTree = "<group>"; };
		6FB450A814E67CD800C68F04 /* en */ = {isa = PBXFileReference; lastKnownFileType = text.plist.strings; name = en; path = en.lproj/InfoPlist.strings; sourceTree = "<group>"; };
		6FB450AA14E67CD800C68F04 /* Bundle-Prefix.pch */ = {isa = PBXFileReference; lastKnownFileType = sourcecode.c.h; path = "Bundle-Prefix.pch"; sourceTree = "<group>"; };
/* End PBXFileReference section */

/* Begin PBXFrameworksBuildPhase section */
		6FB4506B14E67CBA00C68F04 /* Frameworks */ = {
			isa = PBXFrameworksBuildPhase;
			buildActionMask = 2147483647;
			files = (
				6FB4507314E67CBA00C68F04 /* UIKit.framework in Frameworks */,
				6FB4507514E67CBA00C68F04 /* Foundation.framework in Frameworks */,
				6FB4507714E67CBA00C68F04 /* CoreGraphics.framework in Frameworks */,
				6FB4507914E67CBA00C68F04 /* CoreData.framework in Frameworks */,
			);
			runOnlyForDeploymentPostprocessing = 0;
		};
		6FB4508F14E67CCA00C68F04 /* Frameworks */ = {
			isa = PBXFrameworksBuildPhase;
			buildActionMask = 2147483647;
			files = (
				6FB4509314E67CCA00C68F04 /* Foundation.framework in Frameworks */,
			);
			runOnlyForDeploymentPostprocessing = 0;
		};
		6FB4509E14E67CD800C68F04 /* Frameworks */ = {
			isa = PBXFrameworksBuildPhase;
			buildActionMask = 2147483647;
			files = (
				6FB450A314E67CD800C68F04 /* CoreFoundation.framework in Frameworks */,
			);
			runOnlyForDeploymentPostprocessing = 0;
		};
/* End PBXFrameworksBuildPhase section */

/* Begin PBXGroup section */
		6FB4506314E67CBA00C68F04 = {
			isa = PBXGroup;
			children = (
				6FB4507A14E67CBA00C68F04 /* Test Application */,
				6FB4509414E67CCA00C68F04 /* Second target */,
				6FB450A414E67CD800C68F04 /* Bundle */,
				6FB4507114E67CBA00C68F04 /* Frameworks */,
				6FB4506F14E67CBA00C68F04 /* Products */,
			);
			sourceTree = "<group>";
		};
		6FB4506F14E67CBA00C68F04 /* Products */ = {
			isa = PBXGroup;
			children = (
				6FB4506E14E67CBA00C68F04 /* Test Application.app */,
				6FB4509214E67CCA00C68F04 /* libSecond target.a */,
				6FB450A114E67CD800C68F04 /* Bundle.bundle */,
			);
			name = Products;
			sourceTree = "<group>";
		};
		6FB4507114E67CBA00C68F04 /* Frameworks */ = {
			isa = PBXGroup;
			children = (
				6FB4507214E67CBA00C68F04 /* UIKit.framework */,
				6FB4507414E67CBA00C68F04 /* Foundation.framework */,
				6FB4507614E67CBA00C68F04 /* CoreGraphics.framework */,
				6FB4507814E67CBA00C68F04 /* CoreData.framework */,
				6FB450A214E67CD800C68F04 /* CoreFoundation.framework */,
			);
			name = Frameworks;
			sourceTree = "<group>";
		};
		6FB4507A14E67CBA00C68F04 /* Test Application */ = {
			isa = PBXGroup;
			children = (
				6FB4508314E67CBA00C68F04 /* AppDelegate.h */,
				6FB4508414E67CBA00C68F04 /* AppDelegate.m */,
				6FB4508614E67CBA00C68F04 /* Test_Application.xcdatamodeld */,
				6FB4507B14E67CBA00C68F04 /* Supporting Files */,
			);
			path = "Test Application";
			sourceTree = "<group>";
		};
		6FB4507B14E67CBA00C68F04 /* Supporting Files */ = {
			isa = PBXGroup;
			children = (
				6FB4507C14E67CBA00C68F04 /* Test Application-Info.plist */,
				6FB4507D14E67CBA00C68F04 /* InfoPlist.strings */,
				6FB4508014E67CBA00C68F04 /* main.m */,
				6FB4508214E67CBA00C68F04 /* Test Application-Prefix.pch */,
			);
			name = "Supporting Files";
			sourceTree = "<group>";
		};
		6FB4509414E67CCA00C68F04 /* Second target */ = {
			isa = PBXGroup;
			children = (
				6FB4509714E67CCB00C68F04 /* Second_target.h */,
				6FB4509814E67CCB00C68F04 /* Second_target.m */,
				6FB4509514E67CCA00C68F04 /* Supporting Files */,
			);
			path = "Second target";
			sourceTree = "<group>";
		};
		6FB4509514E67CCA00C68F04 /* Supporting Files */ = {
			isa = PBXGroup;
			children = (
				6FB4509614E67CCA00C68F04 /* Second target-Prefix.pch */,
			);
			name = "Supporting Files";
			sourceTree = "<group>";
		};
		6FB450A414E67CD800C68F04 /* Bundle */ = {
			isa = PBXGroup;
			children = (
				6FB450A514E67CD800C68F04 /* Supporting Files */,
			);
			path = Bundle;
			sourceTree = "<group>";
		};
		6FB450A514E67CD800C68F04 /* Supporting Files */ = {
			isa = PBXGroup;
			children = (
				6FB450A614E67CD800C68F04 /* Bundle-Info.plist */,
				6FB450A714E67CD800C68F04 /* InfoPlist.strings */,
				6FB450AA14E67CD800C68F04 /* Bundle-Prefix.pch */,
			);
			name = "Supporting Files";
			sourceTree = "<group>";
		};
/* End PBXGroup section */

/* Begin PBXHeadersBuildPhase section */
		6FB4509014E67CCA00C68F04 /* Headers */ = {
			isa = PBXHeadersBuildPhase;
			buildActionMask = 2147483647;
			files = (
			);
			runOnlyForDeploymentPostprocessing = 0;
		};
/* End PBXHeadersBuildPhase section */

/* Begin PBXNativeTarget section */
		6FB4506D14E67CBA00C68F04 /* Test Application */ = {
			isa = PBXNativeTarget;
			buildConfigurationList = 6FB4508B14E67CBA00C68F04 /* Build configuration list for PBXNativeTarget "Test Application" */;
			buildPhases = (
				6FB4506A14E67CBA00C68F04 /* Sources */,
				6FB4506B14E67CBA00C68F04 /* Frameworks */,
				6FB4506C14E67CBA00C68F04 /* Resources */,
			);
			buildRules = (
			);
			dependencies = (
			);
			name = "Test Application";
			productName = "Test Application";
			productReference = 6FB4506E14E67CBA00C68F04 /* Test Application.app */;
			productType = "com.apple.product-type.application";
		};
		6FB4509114E67CCA00C68F04 /* Second target */ = {
			isa = PBXNativeTarget;
			buildConfigurationList = 6FB4509A14E67CCB00C68F04 /* Build configuration list for PBXNativeTarget "Second target" */;
			buildPhases = (
				6FB4508E14E67CCA00C68F04 /* Sources */,
				6FB4508F14E67CCA00C68F04 /* Frameworks */,
				6FB4509014E67CCA00C68F04 /* Headers */,
			);
			buildRules = (
			);
			dependencies = (
			);
			name = "Second target";
			productName = "Second target";
			productReference = 6FB4509214E67CCA00C68F04 /* libSecond target.a */;
			productType = "com.apple.product-type.library.static";
		};
		6FB450A014E67CD800C68F04 /* Bundle */ = {
			isa = PBXNativeTarget;
			buildConfigurationList = 6FB450AB14E67CD800C68F04 /* Build configuration list for PBXNativeTarget "Bundle" */;
			buildPhases = (
				6FB4509D14E67CD800C68F04 /* Sources */,
				6FB4509E14E67CD800C68F04 /* Frameworks */,
				6FB4509F14E67CD800C68F04 /* Resources */,
			);
			buildRules = (
			);
			dependencies = (
			);
			name = Bundle;
			productName = Bundle;
			productReference = 6FB450A114E67CD800C68F04 /* Bundle.bundle */;
			productType = "com.apple.product-type.bundle";
		};
/* End PBXNativeTarget section */

/* Begin PBXProject section */
		6FB4506514E67CBA00C68F04 /* Project object */ = {
			isa = PBXProject;
			attributes = {
				LastUpgradeCheck = 0420;
			};
			buildConfigurationList = 6FB4506814E67CBA00C68F04 /* Build configuration list for PBXProject "Test Application" */;
			compatibilityVersion = "Xcode 3.2";
			developmentRegion = English;
			hasScannedForEncodings = 0;
			knownRegions = (
				en,
			);
			mainGroup = 6FB4506314E67CBA00C68F04;
			productRefGroup = 6FB4506F14E67CBA00C68F04 /* Products */;
			projectDirPath = "";
			projectRoot = "";
			targets = (
				6FB4506D14E67CBA00C68F04 /* Test Application */,
				6FB4509114E67CCA00C68F04 /* Second target */,
				6FB450A014E67CD800C68F04 /* Bundle */,
			);
		};
/* End PBXProject section */

/* Begin PBXResourcesBuildPhase section */
		6FB4506C14E67CBA00C68F04 /* Resources */ = {
			isa = PBXResourcesBuildPhase;
			buildActionMask = 2147483647;
			files = (
				6FB4507F14E67CBA00C68F04 /* InfoPlist.strings in Resources */,
			);
			runOnlyForDeploymentPostprocessing = 0;
		};
		6FB4509F14E67CD800C68F04 /* Resources */ = {
			isa = PBXResourcesBuildPhase;
			buildActionMask = 2147483647;
			files = (
				6FB450A914E67CD800C68F04 /* InfoPlist.strings in Resources */,
			);
			runOnlyForDeploymentPostprocessing = 0;
		};
/* End PBXResourcesBuildPhase section */

/* Begin PBXSourcesBuildPhase section */
		6FB4506A14E67CBA00C68F04 /* Sources */ = {
			isa = PBXSourcesBuildPhase;
			buildActionMask = 2147483647;
			files = (
				6FB4508114E67CBA00C68F04 /* main.m in Sources */,
				6FB4508514E67CBA00C68F04 /* AppDelegate.m in Sources */,
				6FB4508814E67CBA00C68F04 /* Test_Application.xcdatamodeld in Sources */,
			);
			runOnlyForDeploymentPostprocessing = 0;
		};
		6FB4508E14E67CCA00C68F04 /* Sources */ = {
			isa = PBXSourcesBuildPhase;
			buildActionMask = 2147483647;
			files = (
				6FB4509914E67CCB00C68F04 /* Second_target.m in Sources */,
			);
			runOnlyForDeploymentPostprocessing = 0;
		};
		6FB4509D14E67CD800C68F04 /* Sources */ = {
			isa = PBXSourcesBuildPhase;
			buildActionMask = 2147483647;
			files = (
			);
			runOnlyForDeploymentPostprocessing = 0;
		};
/* End PBXSourcesBuildPhase section */

/* Begin PBXVariantGroup section */
		6FB4507D14E67CBA00C68F04 /* InfoPlist.strings */ = {
			isa = PBXVariantGroup;
			children = (
				6FB4507E14E67CBA00C68F04 /* en */,
			);
			name = InfoPlist.strings;
			sourceTree = "<group>";
		};
		6FB450A714E67CD800C68F04 /* InfoPlist.strings */ = {
			isa = PBXVariantGroup;
			children = (
				6FB450A814E67CD800C68F04 /* en */,
			);
			name = InfoPlist.strings;
			sourceTree = "<group>";
		};
/* End PBXVariantGroup section */

/* Begin XCBuildConfiguration section */
		6FB4508914E67CBA00C68F04 /* Debug */ = {
			isa = XCBuildConfiguration;
			buildSettings = {
				ALWAYS_SEARCH_USER_PATHS = NO;
				ARCHS = "$(ARCHS_STANDARD_32_BIT)";
				"CODE_SIGN_IDENTITY[sdk=iphoneos*]" = "iPhone Developer";
				COPY_PHASE_STRIP = NO;
				GCC_C_LANGUAGE_STANDARD = gnu99;
				GCC_DYNAMIC_NO_PIC = NO;
				GCC_OPTIMIZATION_LEVEL = 0;
				GCC_PREPROCESSOR_DEFINITIONS = (
					"DEBUG=1",
					"$(inherited)",
				);
				GCC_SYMBOLS_PRIVATE_EXTERN = NO;
				GCC_VERSION = com.apple.compilers.llvm.clang.1_0;
				GCC_WARN_ABOUT_MISSING_PROTOTYPES = YES;
				GCC_WARN_ABOUT_RETURN_TYPE = YES;
				GCC_WARN_UNUSED_VARIABLE = YES;
				IPHONEOS_DEPLOYMENT_TARGET = 5.0;
				SDKROOT = iphoneos;
				TARGETED_DEVICE_FAMILY = 2;
			};
			name = Debug;
		};
		6FB4508A14E67CBA00C68F04 /* Release */ = {
			isa = XCBuildConfiguration;
			buildSettings = {
				ALWAYS_SEARCH_USER_PATHS = NO;
				ARCHS = "$(ARCHS_STANDARD_32_BIT)";
				"CODE_SIGN_IDENTITY[sdk=iphoneos*]" = "iPhone Developer";
				COPY_PHASE_STRIP = YES;
				GCC_C_LANGUAGE_STANDARD = gnu99;
				GCC_VERSION = com.apple.compilers.llvm.clang.1_0;
				GCC_WARN_ABOUT_MISSING_PROTOTYPES = YES;
				GCC_WARN_ABOUT_RETURN_TYPE = YES;
				GCC_WARN_UNUSED_VARIABLE = YES;
				IPHONEOS_DEPLOYMENT_TARGET = 5.0;
				OTHER_CFLAGS = "-DNS_BLOCK_ASSERTIONS=1";
				SDKROOT = iphoneos;
				TARGETED_DEVICE_FAMILY = 2;
				VALIDATE_PRODUCT = YES;
			};
			name = Release;
		};
		6FB4508C14E67CBA00C68F04 /* Debug */ = {
			isa = XCBuildConfiguration;
			buildSettings = {
				GCC_PRECOMPILE_PREFIX_HEADER = YES;
				GCC_PREFIX_HEADER = "Test Application/Test Application-Prefix.pch";
				INFOPLIST_FILE = "Test Application/Test Application-Info.plist";
				PRODUCT_NAME = "$(TARGET_NAME)";
				WRAPPER_EXTENSION = app;
			};
			name = Debug;
		};
		6FB4508D14E67CBA00C68F04 /* Release */ = {
			isa = XCBuildConfiguration;
			buildSettings = {
				GCC_PRECOMPILE_PREFIX_HEADER = YES;
				GCC_PREFIX_HEADER = "Test Application/Test Application-Prefix.pch";
				INFOPLIST_FILE = "Test Application/Test Application-Info.plist";
				PRODUCT_NAME = "$(TARGET_NAME)";
				WRAPPER_EXTENSION = app;
			};
			name = Release;
		};
		6FB4509B14E67CCB00C68F04 /* Debug */ = {
			isa = XCBuildConfiguration;
			buildSettings = {
				DSTROOT = /tmp/Second_target.dst;
				GCC_PRECOMPILE_PREFIX_HEADER = YES;
				GCC_PREFIX_HEADER = "Second target/Second target-Prefix.pch";
				OTHER_LDFLAGS = "-ObjC";
				PRODUCT_NAME = "$(TARGET_NAME)";
				SKIP_INSTALL = YES;
			};
			name = Debug;
		};
		6FB4509C14E67CCB00C68F04 /* Release */ = {
			isa = XCBuildConfiguration;
			buildSettings = {
				DSTROOT = /tmp/Second_target.dst;
				GCC_PRECOMPILE_PREFIX_HEADER = YES;
				GCC_PREFIX_HEADER = "Second target/Second target-Prefix.pch";
				OTHER_LDFLAGS = "-ObjC";
				PRODUCT_NAME = "$(TARGET_NAME)";
				SKIP_INSTALL = YES;
			};
			name = Release;
		};
		6FB450AC14E67CD800C68F04 /* Debug */ = {
			isa = XCBuildConfiguration;
			buildSettings = {
				ARCHS = "$(ARCHS_STANDARD_64_BIT)";
				GCC_ENABLE_OBJC_EXCEPTIONS = YES;
				GCC_PRECOMPILE_PREFIX_HEADER = YES;
				GCC_PREFIX_HEADER = "Bundle/Bundle-Prefix.pch";
				GCC_WARN_64_TO_32_BIT_CONVERSION = YES;
				INFOPLIST_FILE = "Bundle/Bundle-Info.plist";
				INSTALL_PATH = "$(LOCAL_LIBRARY_DIR)/Bundles";
				MACOSX_DEPLOYMENT_TARGET = 10.7;
				ONLY_ACTIVE_ARCH = YES;
				PRODUCT_NAME = "$(TARGET_NAME)";
				SDKROOT = macosx;
				WRAPPER_EXTENSION = bundle;
			};
			name = Debug;
		};
		6FB450AD14E67CD800C68F04 /* Release */ = {
			isa = XCBuildConfiguration;
			buildSettings = {
				ARCHS = "$(ARCHS_STANDARD_64_BIT)";
				DEBUG_INFORMATION_FORMAT = "dwarf-with-dsym";
				GCC_ENABLE_OBJC_EXCEPTIONS = YES;
				GCC_PRECOMPILE_PREFIX_HEADER = YES;
				GCC_PREFIX_HEADER = "Bundle/Bundle-Prefix.pch";
				GCC_WARN_64_TO_32_BIT_CONVERSION = YES;
				INFOPLIST_FILE = "Bundle/Bundle-Info.plist";
				INSTALL_PATH = "$(LOCAL_LIBRARY_DIR)/Bundles";
				MACOSX_DEPLOYMENT_TARGET = 10.7;
				PRODUCT_NAME = "$(TARGET_NAME)";
				SDKROOT = macosx;
				WRAPPER_EXTENSION = bundle;
			};
			name = Release;
		};
		6FB450AE14E67CEA00C68F04 /* Third configuration */ = {
			isa = XCBuildConfiguration;
			buildSettings = {
				ALWAYS_SEARCH_USER_PATHS = NO;
				ARCHS = "$(ARCHS_STANDARD_32_BIT)";
				"CODE_SIGN_IDENTITY[sdk=iphoneos*]" = "iPhone Developer";
				COPY_PHASE_STRIP = NO;
				GCC_C_LANGUAGE_STANDARD = gnu99;
				GCC_DYNAMIC_NO_PIC = NO;
				GCC_OPTIMIZATION_LEVEL = 0;
				GCC_PREPROCESSOR_DEFINITIONS = (
					"DEBUG=1",
					"$(inherited)",
				);
				GCC_SYMBOLS_PRIVATE_EXTERN = NO;
				GCC_VERSION = com.apple.compilers.llvm.clang.1_0;
				GCC_WARN_ABOUT_MISSING_PROTOTYPES = YES;
				GCC_WARN_ABOUT_RETURN_TYPE = YES;
				GCC_WARN_UNUSED_VARIABLE = YES;
				IPHONEOS_DEPLOYMENT_TARGET = 5.0;
				SDKROOT = iphoneos;
				TARGETED_DEVICE_FAMILY = 2;
			};
			name = "Third configuration";
		};
		6FB450AF14E67CEA00C68F04 /* Third configuration */ = {
			isa = XCBuildConfiguration;
			buildSettings = {
				GCC_PRECOMPILE_PREFIX_HEADER = YES;
				GCC_PREFIX_HEADER = "Test Application/Test Application-Prefix.pch";
				INFOPLIST_FILE = "Test Application/Test Application-Info.plist";
				PRODUCT_NAME = "$(TARGET_NAME)";
				WRAPPER_EXTENSION = app;
			};
			name = "Third configuration";
		};
		6FB450B014E67CEA00C68F04 /* Third configuration */ = {
			isa = XCBuildConfiguration;
			buildSettings = {
				DSTROOT = /tmp/Second_target.dst;
				GCC_PRECOMPILE_PREFIX_HEADER = YES;
				GCC_PREFIX_HEADER = "Second target/Second target-Prefix.pch";
				OTHER_LDFLAGS = "-ObjC";
				PRODUCT_NAME = "$(TARGET_NAME)";
				SKIP_INSTALL = YES;
			};
			name = "Third configuration";
		};
		6FB450B114E67CEA00C68F04 /* Third configuration */ = {
			isa = XCBuildConfiguration;
			buildSettings = {
				ARCHS = "$(ARCHS_STANDARD_64_BIT)";
				GCC_ENABLE_OBJC_EXCEPTIONS = YES;
				GCC_PRECOMPILE_PREFIX_HEADER = YES;
				GCC_PREFIX_HEADER = "Bundle/Bundle-Prefix.pch";
				GCC_WARN_64_TO_32_BIT_CONVERSION = YES;
				INFOPLIST_FILE = "Bundle/Bundle-Info.plist";
				INSTALL_PATH = "$(LOCAL_LIBRARY_DIR)/Bundles";
				MACOSX_DEPLOYMENT_TARGET = 10.7;
				ONLY_ACTIVE_ARCH = YES;
				PRODUCT_NAME = "$(TARGET_NAME)";
				SDKROOT = macosx;
				WRAPPER_EXTENSION = bundle;
			};
			name = "Third configuration";
		};
/* End XCBuildConfiguration section */

/* Begin XCConfigurationList section */
		6FB4506814E67CBA00C68F04 /* Build configuration list for PBXProject "Test Application" */ = {
			isa = XCConfigurationList;
			buildConfigurations = (
				6FB4508914E67CBA00C68F04 /* Debug */,
				6FB450AE14E67CEA00C68F04 /* Third configuration */,
				6FB4508A14E67CBA00C68F04 /* Release */,
			);
			defaultConfigurationIsVisible = 0;
			defaultConfigurationName = Release;
		};
		6FB4508B14E67CBA00C68F04 /* Build configuration list for PBXNativeTarget "Test Application" */ = {
			isa = XCConfigurationList;
			buildConfigurations = (
				6FB4508C14E67CBA00C68F04 /* Debug */,
				6FB450AF14E67CEA00C68F04 /* Third configuration */,
				6FB4508D14E67CBA00C68F04 /* Release */,
			);
			defaultConfigurationIsVisible = 0;
		};
		6FB4509A14E67CCB00C68F04 /* Build configuration list for PBXNativeTarget "Second target" */ = {
			isa = XCConfigurationList;
			buildConfigurations = (
				6FB4509B14E67CCB00C68F04 /* Debug */,
				6FB450B014E67CEA00C68F04 /* Third configuration */,
				6FB4509C14E67CCB00C68F04 /* Release */,
			);
			defaultConfigurationIsVisible = 0;
		};
		6FB450AB14E67CD800C68F04 /* Build configuration list for PBXNativeTarget "Bundle" */ = {
			isa = XCConfigurationList;
			buildConfigurations = (
				6FB450AC14E67CD800C68F04 /* Debug */,
				6FB450B114E67CEA00C68F04 /* Third configuration */,
				6FB450AD14E67CD800C68F04 /* Release */,
			);
			defaultConfigurationIsVisible = 0;
		};
/* End XCConfigurationList section */

/* Begin XCVersionGroup section */
		6FB4508614E67CBA00C68F04 /* Test_Application.xcdatamodeld */ = {
			isa = XCVersionGroup;
			children = (
				6FB4508714E67CBA00C68F04 /* Test_Application.xcdatamodel */,
			);
			currentVersion = 6FB4508714E67CBA00C68F04 /* Test_Application.xcdatamodel */;
			path = Test_Application.xcdatamodeld;
			sourceTree = "<group>";
			versionGroupType = wrapper.xcdatamodel;
		};
/* End XCVersionGroup section */
	};
	rootObject = 6FB4506514E67CBA00C68F04 /* Project object */;
}
